// !$*UTF8*$!
{
	archiveVersion = 1;
	classes = {
	};
	objectVersion = 77;
	objects = {

/* Begin PBXContainerItemProxy section */
		ADD01FA02CE46AC400EDFF64 /* PBXContainerItemProxy */ = {
			isa = PBXContainerItemProxy;
			containerPortal = ADD01F812CE46AC200EDFF64 /* Project object */;
			proxyType = 1;
			remoteGlobalIDString = ADD01F882CE46AC200EDFF64;
			remoteInfo = StockTradingDemoApp;
		};
		ADD01FAA2CE46AC400EDFF64 /* PBXContainerItemProxy */ = {
			isa = PBXContainerItemProxy;
			containerPortal = ADD01F812CE46AC200EDFF64 /* Project object */;
			proxyType = 1;
			remoteGlobalIDString = ADD01F882CE46AC200EDFF64;
			remoteInfo = StockTradingDemoApp;
		};
/* End PBXContainerItemProxy section */

/* Begin PBXFileReference section */
		ADD01F892CE46AC200EDFF64 /* StockTradingDemoApp.app */ = {isa = PBXFileReference; explicitFileType = wrapper.application; includeInIndex = 0; path = StockTradingDemoApp.app; sourceTree = BUILT_PRODUCTS_DIR; };
		ADD01F9F2CE46AC400EDFF64 /* StockTradingDemoAppTests.xctest */ = {isa = PBXFileReference; explicitFileType = wrapper.cfbundle; includeInIndex = 0; path = StockTradingDemoAppTests.xctest; sourceTree = BUILT_PRODUCTS_DIR; };
		ADD01FA92CE46AC400EDFF64 /* StockTradingDemoAppUITests.xctest */ = {isa = PBXFileReference; explicitFileType = wrapper.cfbundle; includeInIndex = 0; path = StockTradingDemoAppUITests.xctest; sourceTree = BUILT_PRODUCTS_DIR; };
/* End PBXFileReference section */

/* Begin PBXFileSystemSynchronizedBuildFileExceptionSet section */
		ADD01FB12CE46AC400EDFF64 /* Exceptions for "StockTradingDemoApp" folder in "StockTradingDemoApp" target */ = {
			isa = PBXFileSystemSynchronizedBuildFileExceptionSet;
			membershipExceptions = (
				Info.plist,
			);
			target = ADD01F882CE46AC200EDFF64 /* StockTradingDemoApp */;
		};
/* End PBXFileSystemSynchronizedBuildFileExceptionSet section */

/* Begin PBXFileSystemSynchronizedRootGroup section */
		ADD01F8B2CE46AC200EDFF64 /* StockTradingDemoApp */ = {
			isa = PBXFileSystemSynchronizedRootGroup;
			exceptions = (
				ADD01FB12CE46AC400EDFF64 /* Exceptions for "StockTradingDemoApp" folder in "StockTradingDemoApp" target */,
			);
			path = StockTradingDemoApp;
			sourceTree = "<group>";
		};
		ADD01FA22CE46AC400EDFF64 /* StockTradingDemoAppTests */ = {
			isa = PBXFileSystemSynchronizedRootGroup;
			path = StockTradingDemoAppTests;
			sourceTree = "<group>";
		};
		ADD01FAC2CE46AC400EDFF64 /* StockTradingDemoAppUITests */ = {
			isa = PBXFileSystemSynchronizedRootGroup;
			path = StockTradingDemoAppUITests;
			sourceTree = "<group>";
		};
/* End PBXFileSystemSynchronizedRootGroup section */

/* Begin PBXFrameworksBuildPhase section */
		ADD01F862CE46AC200EDFF64 /* Frameworks */ = {
			isa = PBXFrameworksBuildPhase;
			buildActionMask = 2147483647;
			files = (
			);
			runOnlyForDeploymentPostprocessing = 0;
		};
		ADD01F9C2CE46AC400EDFF64 /* Frameworks */ = {
			isa = PBXFrameworksBuildPhase;
			buildActionMask = 2147483647;
			files = (
			);
			runOnlyForDeploymentPostprocessing = 0;
		};
		ADD01FA62CE46AC400EDFF64 /* Frameworks */ = {
			isa = PBXFrameworksBuildPhase;
			buildActionMask = 2147483647;
			files = (
			);
			runOnlyForDeploymentPostprocessing = 0;
		};
/* End PBXFrameworksBuildPhase section */

/* Begin PBXGroup section */
		ADD01F802CE46AC200EDFF64 = {
			isa = PBXGroup;
			children = (
				ADD01F8B2CE46AC200EDFF64 /* StockTradingDemoApp */,
				ADD01FA22CE46AC400EDFF64 /* StockTradingDemoAppTests */,
				ADD01FAC2CE46AC400EDFF64 /* StockTradingDemoAppUITests */,
				ADD01F8A2CE46AC200EDFF64 /* Products */,
			);
			sourceTree = "<group>";
		};
		ADD01F8A2CE46AC200EDFF64 /* Products */ = {
			isa = PBXGroup;
			children = (
				ADD01F892CE46AC200EDFF64 /* StockTradingDemoApp.app */,
				ADD01F9F2CE46AC400EDFF64 /* StockTradingDemoAppTests.xctest */,
				ADD01FA92CE46AC400EDFF64 /* StockTradingDemoAppUITests.xctest */,
			);
			name = Products;
			sourceTree = "<group>";
		};
/* End PBXGroup section */

/* Begin PBXNativeTarget section */
		ADD01F882CE46AC200EDFF64 /* StockTradingDemoApp */ = {
			isa = PBXNativeTarget;
			buildConfigurationList = ADD01FB22CE46AC400EDFF64 /* Build configuration list for PBXNativeTarget "StockTradingDemoApp" */;
			buildPhases = (
				ADD01F852CE46AC200EDFF64 /* Sources */,
				ADD01F862CE46AC200EDFF64 /* Frameworks */,
				ADD01F872CE46AC200EDFF64 /* Resources */,
			);
			buildRules = (
			);
			dependencies = (
			);
			fileSystemSynchronizedGroups = (
				ADD01F8B2CE46AC200EDFF64 /* StockTradingDemoApp */,
			);
			name = StockTradingDemoApp;
			packageProductDependencies = (
			);
			productName = StockTradingDemoApp;
			productReference = ADD01F892CE46AC200EDFF64 /* StockTradingDemoApp.app */;
			productType = "com.apple.product-type.application";
		};
		ADD01F9E2CE46AC400EDFF64 /* StockTradingDemoAppTests */ = {
			isa = PBXNativeTarget;
			buildConfigurationList = ADD01FB72CE46AC400EDFF64 /* Build configuration list for PBXNativeTarget "StockTradingDemoAppTests" */;
			buildPhases = (
				ADD01F9B2CE46AC400EDFF64 /* Sources */,
				ADD01F9C2CE46AC400EDFF64 /* Frameworks */,
				ADD01F9D2CE46AC400EDFF64 /* Resources */,
			);
			buildRules = (
			);
			dependencies = (
				ADD01FA12CE46AC400EDFF64 /* PBXTargetDependency */,
			);
			fileSystemSynchronizedGroups = (
				ADD01FA22CE46AC400EDFF64 /* StockTradingDemoAppTests */,
			);
			name = StockTradingDemoAppTests;
			packageProductDependencies = (
			);
			productName = StockTradingDemoAppTests;
			productReference = ADD01F9F2CE46AC400EDFF64 /* StockTradingDemoAppTests.xctest */;
			productType = "com.apple.product-type.bundle.unit-test";
		};
		ADD01FA82CE46AC400EDFF64 /* StockTradingDemoAppUITests */ = {
			isa = PBXNativeTarget;
			buildConfigurationList = ADD01FBA2CE46AC400EDFF64 /* Build configuration list for PBXNativeTarget "StockTradingDemoAppUITests" */;
			buildPhases = (
				ADD01FA52CE46AC400EDFF64 /* Sources */,
				ADD01FA62CE46AC400EDFF64 /* Frameworks */,
				ADD01FA72CE46AC400EDFF64 /* Resources */,
			);
			buildRules = (
			);
			dependencies = (
				ADD01FAB2CE46AC400EDFF64 /* PBXTargetDependency */,
			);
			fileSystemSynchronizedGroups = (
				ADD01FAC2CE46AC400EDFF64 /* StockTradingDemoAppUITests */,
			);
			name = StockTradingDemoAppUITests;
			packageProductDependencies = (
			);
			productName = StockTradingDemoAppUITests;
			productReference = ADD01FA92CE46AC400EDFF64 /* StockTradingDemoAppUITests.xctest */;
			productType = "com.apple.product-type.bundle.ui-testing";
		};
/* End PBXNativeTarget section */

/* Begin PBXProject section */
		ADD01F812CE46AC200EDFF64 /* Project object */ = {
			isa = PBXProject;
			attributes = {
				BuildIndependentTargetsInParallel = 1;
				LastSwiftUpdateCheck = 1610;
				LastUpgradeCheck = 1610;
				TargetAttributes = {
					ADD01F882CE46AC200EDFF64 = {
						CreatedOnToolsVersion = 16.1;
					};
					ADD01F9E2CE46AC400EDFF64 = {
						CreatedOnToolsVersion = 16.1;
						TestTargetID = ADD01F882CE46AC200EDFF64;
					};
					ADD01FA82CE46AC400EDFF64 = {
						CreatedOnToolsVersion = 16.1;
						TestTargetID = ADD01F882CE46AC200EDFF64;
					};
				};
			};
			buildConfigurationList = ADD01F842CE46AC200EDFF64 /* Build configuration list for PBXProject "StockTradingDemoApp" */;
			developmentRegion = en;
			hasScannedForEncodings = 0;
			knownRegions = (
				en,
				Base,
			);
			mainGroup = ADD01F802CE46AC200EDFF64;
			minimizedProjectReferenceProxies = 1;
			preferredProjectObjectVersion = 77;
			productRefGroup = ADD01F8A2CE46AC200EDFF64 /* Products */;
			projectDirPath = "";
			projectRoot = "";
			targets = (
				ADD01F882CE46AC200EDFF64 /* StockTradingDemoApp */,
				ADD01F9E2CE46AC400EDFF64 /* StockTradingDemoAppTests */,
				ADD01FA82CE46AC400EDFF64 /* StockTradingDemoAppUITests */,
			);
		};
/* End PBXProject section */

/* Begin PBXResourcesBuildPhase section */
		ADD01F872CE46AC200EDFF64 /* Resources */ = {
			isa = PBXResourcesBuildPhase;
			buildActionMask = 2147483647;
			files = (
			);
			runOnlyForDeploymentPostprocessing = 0;
		};
		ADD01F9D2CE46AC400EDFF64 /* Resources */ = {
			isa = PBXResourcesBuildPhase;
			buildActionMask = 2147483647;
			files = (
			);
			runOnlyForDeploymentPostprocessing = 0;
		};
		ADD01FA72CE46AC400EDFF64 /* Resources */ = {
			isa = PBXResourcesBuildPhase;
			buildActionMask = 2147483647;
			files = (
			);
			runOnlyForDeploymentPostprocessing = 0;
		};
/* End PBXResourcesBuildPhase section */

/* Begin PBXSourcesBuildPhase section */
		ADD01F852CE46AC200EDFF64 /* Sources */ = {
			isa = PBXSourcesBuildPhase;
			buildActionMask = 2147483647;
			files = (
			);
			runOnlyForDeploymentPostprocessing = 0;
		};
		ADD01F9B2CE46AC400EDFF64 /* Sources */ = {
			isa = PBXSourcesBuildPhase;
			buildActionMask = 2147483647;
			files = (
			);
			runOnlyForDeploymentPostprocessing = 0;
		};
		ADD01FA52CE46AC400EDFF64 /* Sources */ = {
			isa = PBXSourcesBuildPhase;
			buildActionMask = 2147483647;
			files = (
			);
			runOnlyForDeploymentPostprocessing = 0;
		};
/* End PBXSourcesBuildPhase section */

/* Begin PBXTargetDependency section */
		ADD01FA12CE46AC400EDFF64 /* PBXTargetDependency */ = {
			isa = PBXTargetDependency;
			target = ADD01F882CE46AC200EDFF64 /* StockTradingDemoApp */;
			targetProxy = ADD01FA02CE46AC400EDFF64 /* PBXContainerItemProxy */;
		};
		ADD01FAB2CE46AC400EDFF64 /* PBXTargetDependency */ = {
			isa = PBXTargetDependency;
			target = ADD01F882CE46AC200EDFF64 /* StockTradingDemoApp */;
			targetProxy = ADD01FAA2CE46AC400EDFF64 /* PBXContainerItemProxy */;
		};
/* End PBXTargetDependency section */

/* Begin XCBuildConfiguration section */
		ADD01FB32CE46AC400EDFF64 /* Debug */ = {
			isa = XCBuildConfiguration;
			buildSettings = {
				ASSETCATALOG_COMPILER_APPICON_NAME = AppIcon;
				ASSETCATALOG_COMPILER_GLOBAL_ACCENT_COLOR_NAME = AccentColor;
				CODE_SIGN_STYLE = Automatic;
				CURRENT_PROJECT_VERSION = 1;
				DEVELOPMENT_TEAM = SQF9268A66;
				GENERATE_INFOPLIST_FILE = YES;
				INFOPLIST_FILE = StockTradingDemoApp/Info.plist;
				INFOPLIST_KEY_UIApplicationSupportsIndirectInputEvents = YES;
				INFOPLIST_KEY_UILaunchStoryboardName = LaunchScreen;
				INFOPLIST_KEY_UIMainStoryboardFile = Main;
				INFOPLIST_KEY_UISupportedInterfaceOrientations_iPad = "UIInterfaceOrientationPortrait UIInterfaceOrientationPortraitUpsideDown UIInterfaceOrientationLandscapeLeft UIInterfaceOrientationLandscapeRight";
				INFOPLIST_KEY_UISupportedInterfaceOrientations_iPhone = "UIInterfaceOrientationPortrait UIInterfaceOrientationLandscapeLeft UIInterfaceOrientationLandscapeRight";
				LD_RUNPATH_SEARCH_PATHS = (
					"$(inherited)",
					"@executable_path/Frameworks",
				);
				MARKETING_VERSION = 1.0;
				PRODUCT_BUNDLE_IDENTIFIER = demo.StockTradingDemoApp;
				PRODUCT_NAME = "$(TARGET_NAME)";
				SWIFT_EMIT_LOC_STRINGS = YES;
				SWIFT_VERSION = 5.0;
				TARGETED_DEVICE_FAMILY = "1,2";
			};
			name = Debug;
		};
		ADD01FB42CE46AC400EDFF64 /* Release */ = {
			isa = XCBuildConfiguration;
			buildSettings = {
				ASSETCATALOG_COMPILER_APPICON_NAME = AppIcon;
				ASSETCATALOG_COMPILER_GLOBAL_ACCENT_COLOR_NAME = AccentColor;
				CODE_SIGN_STYLE = Automatic;
				CURRENT_PROJECT_VERSION = 1;
				DEVELOPMENT_TEAM = SQF9268A66;
				GENERATE_INFOPLIST_FILE = YES;
				INFOPLIST_FILE = StockTradingDemoApp/Info.plist;
				INFOPLIST_KEY_UIApplicationSupportsIndirectInputEvents = YES;
				INFOPLIST_KEY_UILaunchStoryboardName = LaunchScreen;
				INFOPLIST_KEY_UIMainStoryboardFile = Main;
				INFOPLIST_KEY_UISupportedInterfaceOrientations_iPad = "UIInterfaceOrientationPortrait UIInterfaceOrientationPortraitUpsideDown UIInterfaceOrientationLandscapeLeft UIInterfaceOrientationLandscapeRight";
				INFOPLIST_KEY_UISupportedInterfaceOrientations_iPhone = "UIInterfaceOrientationPortrait UIInterfaceOrientationLandscapeLeft UIInterfaceOrientationLandscapeRight";
				LD_RUNPATH_SEARCH_PATHS = (
					"$(inherited)",
					"@executable_path/Frameworks",
				);
				MARKETING_VERSION = 1.0;
				PRODUCT_BUNDLE_IDENTIFIER = demo.StockTradingDemoApp;
				PRODUCT_NAME = "$(TARGET_NAME)";
				SWIFT_EMIT_LOC_STRINGS = YES;
				SWIFT_VERSION = 5.0;
				TARGETED_DEVICE_FAMILY = "1,2";
			};
			name = Release;
		};
		ADD01FB52CE46AC400EDFF64 /* Debug */ = {
			isa = XCBuildConfiguration;
			buildSettings = {
				ALWAYS_SEARCH_USER_PATHS = NO;
				ASSETCATALOG_COMPILER_GENERATE_SWIFT_ASSET_SYMBOL_EXTENSIONS = YES;
				CLANG_ANALYZER_NONNULL = YES;
				CLANG_ANALYZER_NUMBER_OBJECT_CONVERSION = YES_AGGRESSIVE;
				CLANG_CXX_LANGUAGE_STANDARD = "gnu++20";
				CLANG_ENABLE_MODULES = YES;
				CLANG_ENABLE_OBJC_ARC = YES;
				CLANG_ENABLE_OBJC_WEAK = YES;
				CLANG_WARN_BLOCK_CAPTURE_AUTORELEASING = YES;
				CLANG_WARN_BOOL_CONVERSION = YES;
				CLANG_WARN_COMMA = YES;
				CLANG_WARN_CONSTANT_CONVERSION = YES;
				CLANG_WARN_DEPRECATED_OBJC_IMPLEMENTATIONS = YES;
				CLANG_WARN_DIRECT_OBJC_ISA_USAGE = YES_ERROR;
				CLANG_WARN_DOCUMENTATION_COMMENTS = YES;
				CLANG_WARN_EMPTY_BODY = YES;
				CLANG_WARN_ENUM_CONVERSION = YES;
				CLANG_WARN_INFINITE_RECURSION = YES;
				CLANG_WARN_INT_CONVERSION = YES;
				CLANG_WARN_NON_LITERAL_NULL_CONVERSION = YES;
				CLANG_WARN_OBJC_IMPLICIT_RETAIN_SELF = YES;
				CLANG_WARN_OBJC_LITERAL_CONVERSION = YES;
				CLANG_WARN_OBJC_ROOT_CLASS = YES_ERROR;
				CLANG_WARN_QUOTED_INCLUDE_IN_FRAMEWORK_HEADER = YES;
				CLANG_WARN_RANGE_LOOP_ANALYSIS = YES;
				CLANG_WARN_STRICT_PROTOTYPES = YES;
				CLANG_WARN_SUSPICIOUS_MOVE = YES;
				CLANG_WARN_UNGUARDED_AVAILABILITY = YES_AGGRESSIVE;
				CLANG_WARN_UNREACHABLE_CODE = YES;
				CLANG_WARN__DUPLICATE_METHOD_MATCH = YES;
				COPY_PHASE_STRIP = NO;
				DEBUG_INFORMATION_FORMAT = dwarf;
				ENABLE_STRICT_OBJC_MSGSEND = YES;
				ENABLE_TESTABILITY = YES;
				ENABLE_USER_SCRIPT_SANDBOXING = YES;
				GCC_C_LANGUAGE_STANDARD = gnu17;
				GCC_DYNAMIC_NO_PIC = NO;
				GCC_NO_COMMON_BLOCKS = YES;
				GCC_OPTIMIZATION_LEVEL = 0;
				GCC_PREPROCESSOR_DEFINITIONS = (
					"DEBUG=1",
					"$(inherited)",
				);
				GCC_WARN_64_TO_32_BIT_CONVERSION = YES;
				GCC_WARN_ABOUT_RETURN_TYPE = YES_ERROR;
				GCC_WARN_UNDECLARED_SELECTOR = YES;
				GCC_WARN_UNINITIALIZED_AUTOS = YES_AGGRESSIVE;
				GCC_WARN_UNUSED_FUNCTION = YES;
				GCC_WARN_UNUSED_VARIABLE = YES;
				IPHONEOS_DEPLOYMENT_TARGET = 18.1;
				LOCALIZATION_PREFERS_STRING_CATALOGS = YES;
				MTL_ENABLE_DEBUG_INFO = INCLUDE_SOURCE;
				MTL_FAST_MATH = YES;
				ONLY_ACTIVE_ARCH = YES;
				SDKROOT = iphoneos;
				SWIFT_ACTIVE_COMPILATION_CONDITIONS = "DEBUG $(inherited)";
				SWIFT_OPTIMIZATION_LEVEL = "-Onone";
			};
			name = Debug;
		};
		ADD01FB62CE46AC400EDFF64 /* Release */ = {
			isa = XCBuildConfiguration;
			buildSettings = {
				ALWAYS_SEARCH_USER_PATHS = NO;
				ASSETCATALOG_COMPILER_GENERATE_SWIFT_ASSET_SYMBOL_EXTENSIONS = YES;
				CLANG_ANALYZER_NONNULL = YES;
				CLANG_ANALYZER_NUMBER_OBJECT_CONVERSION = YES_AGGRESSIVE;
				CLANG_CXX_LANGUAGE_STANDARD = "gnu++20";
				CLANG_ENABLE_MODULES = YES;
				CLANG_ENABLE_OBJC_ARC = YES;
				CLANG_ENABLE_OBJC_WEAK = YES;
				CLANG_WARN_BLOCK_CAPTURE_AUTORELEASING = YES;
				CLANG_WARN_BOOL_CONVERSION = YES;
				CLANG_WARN_COMMA = YES;
				CLANG_WARN_CONSTANT_CONVERSION = YES;
				CLANG_WARN_DEPRECATED_OBJC_IMPLEMENTATIONS = YES;
				CLANG_WARN_DIRECT_OBJC_ISA_USAGE = YES_ERROR;
				CLANG_WARN_DOCUMENTATION_COMMENTS = YES;
				CLANG_WARN_EMPTY_BODY = YES;
				CLANG_WARN_ENUM_CONVERSION = YES;
				CLANG_WARN_INFINITE_RECURSION = YES;
				CLANG_WARN_INT_CONVERSION = YES;
				CLANG_WARN_NON_LITERAL_NULL_CONVERSION = YES;
				CLANG_WARN_OBJC_IMPLICIT_RETAIN_SELF = YES;
				CLANG_WARN_OBJC_LITERAL_CONVERSION = YES;
				CLANG_WARN_OBJC_ROOT_CLASS = YES_ERROR;
				CLANG_WARN_QUOTED_INCLUDE_IN_FRAMEWORK_HEADER = YES;
				CLANG_WARN_RANGE_LOOP_ANALYSIS = YES;
				CLANG_WARN_STRICT_PROTOTYPES = YES;
				CLANG_WARN_SUSPICIOUS_MOVE = YES;
				CLANG_WARN_UNGUARDED_AVAILABILITY = YES_AGGRESSIVE;
				CLANG_WARN_UNREACHABLE_CODE = YES;
				CLANG_WARN__DUPLICATE_METHOD_MATCH = YES;
				COPY_PHASE_STRIP = NO;
				DEBUG_INFORMATION_FORMAT = "dwarf-with-dsym";
				ENABLE_NS_ASSERTIONS = NO;
				ENABLE_STRICT_OBJC_MSGSEND = YES;
				ENABLE_USER_SCRIPT_SANDBOXING = YES;
				GCC_C_LANGUAGE_STANDARD = gnu17;
				GCC_NO_COMMON_BLOCKS = YES;
				GCC_WARN_64_TO_32_BIT_CONVERSION = YES;
				GCC_WARN_ABOUT_RETURN_TYPE = YES_ERROR;
				GCC_WARN_UNDECLARED_SELECTOR = YES;
				GCC_WARN_UNINITIALIZED_AUTOS = YES_AGGRESSIVE;
				GCC_WARN_UNUSED_FUNCTION = YES;
				GCC_WARN_UNUSED_VARIABLE = YES;
				IPHONEOS_DEPLOYMENT_TARGET = 18.1;
				LOCALIZATION_PREFERS_STRING_CATALOGS = YES;
				MTL_ENABLE_DEBUG_INFO = NO;
				MTL_FAST_MATH = YES;
				SDKROOT = iphoneos;
				SWIFT_COMPILATION_MODE = wholemodule;
				VALIDATE_PRODUCT = YES;
			};
			name = Release;
		};
		ADD01FB82CE46AC400EDFF64 /* Debug */ = {
			isa = XCBuildConfiguration;
			buildSettings = {
				BUNDLE_LOADER = "$(TEST_HOST)";
				CODE_SIGN_STYLE = Automatic;
				CURRENT_PROJECT_VERSION = 1;
				DEVELOPMENT_TEAM = SQF9268A66;
				GENERATE_INFOPLIST_FILE = YES;
				IPHONEOS_DEPLOYMENT_TARGET = 18.1;
				MARKETING_VERSION = 1.0;
				PRODUCT_BUNDLE_IDENTIFIER = demo.StockTradingDemoAppTests;
				PRODUCT_NAME = "$(TARGET_NAME)";
				SWIFT_EMIT_LOC_STRINGS = NO;
				SWIFT_VERSION = 5.0;
				TARGETED_DEVICE_FAMILY = "1,2";
				TEST_HOST = "$(BUILT_PRODUCTS_DIR)/StockTradingDemoApp.app/$(BUNDLE_EXECUTABLE_FOLDER_PATH)/StockTradingDemoApp";
			};
			name = Debug;
		};
		ADD01FB92CE46AC400EDFF64 /* Release */ = {
			isa = XCBuildConfiguration;
			buildSettings = {
				BUNDLE_LOADER = "$(TEST_HOST)";
				CODE_SIGN_STYLE = Automatic;
				CURRENT_PROJECT_VERSION = 1;
				DEVELOPMENT_TEAM = SQF9268A66;
				GENERATE_INFOPLIST_FILE = YES;
				IPHONEOS_DEPLOYMENT_TARGET = 18.1;
				MARKETING_VERSION = 1.0;
				PRODUCT_BUNDLE_IDENTIFIER = demo.StockTradingDemoAppTests;
				PRODUCT_NAME = "$(TARGET_NAME)";
				SWIFT_EMIT_LOC_STRINGS = NO;
				SWIFT_VERSION = 5.0;
				TARGETED_DEVICE_FAMILY = "1,2";
				TEST_HOST = "$(BUILT_PRODUCTS_DIR)/StockTradingDemoApp.app/$(BUNDLE_EXECUTABLE_FOLDER_PATH)/StockTradingDemoApp";
			};
			name = Release;
		};
		ADD01FBB2CE46AC400EDFF64 /* Debug */ = {
			isa = XCBuildConfiguration;
			buildSettings = {
				CODE_SIGN_STYLE = Automatic;
				CURRENT_PROJECT_VERSION = 1;
				DEVELOPMENT_TEAM = SQF9268A66;
				GENERATE_INFOPLIST_FILE = YES;
				MARKETING_VERSION = 1.0;
				PRODUCT_BUNDLE_IDENTIFIER = demo.StockTradingDemoAppUITests;
				PRODUCT_NAME = "$(TARGET_NAME)";
				SWIFT_EMIT_LOC_STRINGS = NO;
				SWIFT_VERSION = 5.0;
				TARGETED_DEVICE_FAMILY = "1,2";
				TEST_TARGET_NAME = StockTradingDemoApp;
			};
			name = Debug;
		};
		ADD01FBC2CE46AC400EDFF64 /* Release */ = {
			isa = XCBuildConfiguration;
			buildSettings = {
				CODE_SIGN_STYLE = Automatic;
				CURRENT_PROJECT_VERSION = 1;
				DEVELOPMENT_TEAM = SQF9268A66;
				GENERATE_INFOPLIST_FILE = YES;
				MARKETING_VERSION = 1.0;
				PRODUCT_BUNDLE_IDENTIFIER = demo.StockTradingDemoAppUITests;
				PRODUCT_NAME = "$(TARGET_NAME)";
				SWIFT_EMIT_LOC_STRINGS = NO;
				SWIFT_VERSION = 5.0;
				TARGETED_DEVICE_FAMILY = "1,2";
				TEST_TARGET_NAME = StockTradingDemoApp;
			};
			name = Release;
		};
/* End XCBuildConfiguration section */

/* Begin XCConfigurationList section */
		ADD01F842CE46AC200EDFF64 /* Build configuration list for PBXProject "StockTradingDemoApp" */ = {
			isa = XCConfigurationList;
			buildConfigurations = (
				ADD01FB52CE46AC400EDFF64 /* Debug */,
				ADD01FB62CE46AC400EDFF64 /* Release */,
			);
			defaultConfigurationIsVisible = 0;
			defaultConfigurationName = Release;
		};
		ADD01FB22CE46AC400EDFF64 /* Build configuration list for PBXNativeTarget "StockTradingDemoApp" */ = {
			isa = XCConfigurationList;
			buildConfigurations = (
				ADD01FB32CE46AC400EDFF64 /* Debug */,
				ADD01FB42CE46AC400EDFF64 /* Release */,
			);
			defaultConfigurationIsVisible = 0;
			defaultConfigurationName = Release;
		};
		ADD01FB72CE46AC400EDFF64 /* Build configuration list for PBXNativeTarget "StockTradingDemoAppTests" */ = {
			isa = XCConfigurationList;
			buildConfigurations = (
				ADD01FB82CE46AC400EDFF64 /* Debug */,
				ADD01FB92CE46AC400EDFF64 /* Release */,
			);
			defaultConfigurationIsVisible = 0;
			defaultConfigurationName = Release;
		};
		ADD01FBA2CE46AC400EDFF64 /* Build configuration list for PBXNativeTarget "StockTradingDemoAppUITests" */ = {
			isa = XCConfigurationList;
			buildConfigurations = (
				ADD01FBB2CE46AC400EDFF64 /* Debug */,
				ADD01FBC2CE46AC400EDFF64 /* Release */,
			);
			defaultConfigurationIsVisible = 0;
			defaultConfigurationName = Release;
		};
/* End XCConfigurationList section */
	};
	rootObject = ADD01F812CE46AC200EDFF64 /* Project object */;
}
